
Microsoft Visual Studio Solution File, Format Version 12.00
# Visual Studio Version 17
VisualStudioVersion = 17.10.35013.160
MinimumVisualStudioVersion = 10.0.40219.1
Project("{FAE04EC0-301F-11D3-BF4B-00C04F79EFBC}") = "BacklogGames", "BacklogGames\BacklogGames.csproj", "{975DA1B2-9A3D-48C1-9A0F-67233BD93BD9}"
EndProject
Project("{FAE04EC0-301F-11D3-BF4B-00C04F79EFBC}") = "BacklogGames.Bussinnes.Layer", "BacklogGames.Bussinnes.Layer\BacklogGames.Bussinnes.Layer.csproj", "{C9CE4F90-7F8C-4F89-BE0F-FE6EFBD178FD}"
EndProject
Project("{FAE04EC0-301F-11D3-BF4B-00C04F79EFBC}") = "BacklogGames.DataAccess.Layer", "BacklogGames.DataAccess.Layer\BacklogGames.DataAccess.Layer.csproj", "{7C158D5F-85E1-41C8-A784-23EE3F3297E2}"
EndProject
Global
	GlobalSection(SolutionConfigurationPlatforms) = preSolution
		Debug|Any CPU = Debug|Any CPU
		Release|Any CPU = Release|Any CPU
	EndGlobalSection
	GlobalSection(ProjectConfigurationPlatforms) = postSolution
		{975DA1B2-9A3D-48C1-9A0F-67233BD93BD9}.Debug|Any CPU.ActiveCfg = Debug|Any CPU
		{975DA1B2-9A3D-48C1-9A0F-67233BD93BD9}.Debug|Any CPU.Build.0 = Debug|Any CPU
		{975DA1B2-9A3D-48C1-9A0F-67233BD93BD9}.Release|Any CPU.ActiveCfg = Release|Any CPU
		{975DA1B2-9A3D-48C1-9A0F-67233BD93BD9}.Release|Any CPU.Build.0 = Release|Any CPU
		{C9CE4F90-7F8C-4F89-BE0F-FE6EFBD178FD}.Debug|Any CPU.ActiveCfg = Debug|Any CPU
		{C9CE4F90-7F8C-4F89-BE0F-FE6EFBD178FD}.Debug|Any CPU.Build.0 = Debug|Any CPU
		{C9CE4F90-7F8C-4F89-BE0F-FE6EFBD178FD}.Release|Any CPU.ActiveCfg = Release|Any CPU
		{C9CE4F90-7F8C-4F89-BE0F-FE6EFBD178FD}.Release|Any CPU.Build.0 = Release|Any CPU
		{7C158D5F-85E1-41C8-A784-23EE3F3297E2}.Debug|Any CPU.ActiveCfg = Debug|Any CPU
		{7C158D5F-85E1-41C8-A784-23EE3F3297E2}.Debug|Any CPU.Build.0 = Debug|Any CPU
		{7C158D5F-85E1-41C8-A784-23EE3F3297E2}.Release|Any CPU.ActiveCfg = Release|Any CPU
		{7C158D5F-85E1-41C8-A784-23EE3F3297E2}.Release|Any CPU.Build.0 = Release|Any CPU
	EndGlobalSection
	GlobalSection(SolutionProperties) = preSolution
		HideSolutionNode = FALSE
	EndGlobalSection
	GlobalSection(ExtensibilityGlobals) = postSolution
		SolutionGuid = {D4184F94-3277-4551-BA30-4FA848DEFB7E}
	EndGlobalSection
EndGlobal
